PODS:
  - AFNetworking (1.3.4)
  - EBImageView (0.0.5):
    - AFNetworking (~> 1.3.4)
  - Facebook-iOS-SDK (3.13.1)

DEPENDENCIES:
  - AFNetworking (~> 1.3.4)
  - EBImageView (from `https://github.com/eivindbohler/EBImageView.git`, tag `0.0.5`)
  - Facebook-iOS-SDK (~> 3.13.1)

EXTERNAL SOURCES:
  EBImageView:
    :git: https://github.com/eivindbohler/EBImageView.git
    :tag: 0.0.5

SPEC CHECKSUMS:
  AFNetworking: e403d4333a4e1956cb3fe42364c3c879f820c9a0
  EBImageView: 1397c91460b7b5b85aa9968ada671fb68344c15b
  Facebook-iOS-SDK: 47ae9e54684c84f93d75d4e6ab47cd031abdf406

COCOAPODS: 0.32.1
